
Microsoft Visual Studio Solution File, Format Version 12.00
# Visual Studio Version 16
VisualStudioVersion = 16.0.32002.261
MinimumVisualStudioVersion = 10.0.40219.1
Project("{FAE04EC0-301F-11D3-BF4B-00C04F79EFBC}") = "BoMForum", "BoMForum\BoMForum.csproj", "{16C8C105-63C3-4DA2-A9A9-B0E6372C572D}"
EndProject
Global
	GlobalSection(SolutionConfigurationPlatforms) = preSolution
		Debug|Any CPU = Debug|Any CPU
		Release|Any CPU = Release|Any CPU
	EndGlobalSection
	GlobalSection(ProjectConfigurationPlatforms) = postSolution
		{16C8C105-63C3-4DA2-A9A9-B0E6372C572D}.Debug|Any CPU.ActiveCfg = Debug|Any CPU
		{16C8C105-63C3-4DA2-A9A9-B0E6372C572D}.Debug|Any CPU.Build.0 = Debug|Any CPU
		{16C8C105-63C3-4DA2-A9A9-B0E6372C572D}.Release|Any CPU.ActiveCfg = Release|Any CPU
		{16C8C105-63C3-4DA2-A9A9-B0E6372C572D}.Release|Any CPU.Build.0 = Release|Any CPU
	EndGlobalSection
	GlobalSection(SolutionProperties) = preSolution
		HideSolutionNode = FALSE
	EndGlobalSection
	GlobalSection(ExtensibilityGlobals) = postSolution
		SolutionGuid = {E35FEC64-7EE3-49D7-BE0A-D113E9B63298}
	EndGlobalSection
EndGlobal
